
Microsoft Visual Studio Solution File, Format Version 12.00
# Visual Studio 15
VisualStudioVersion = 15.0.28010.2026
MinimumVisualStudioVersion = 10.0.40219.1
Project("{8BC9CEB8-8B4A-11D0-8D11-00A0C91BC942}") = "first", "first\first.vcxproj", "{9E594439-1C20-4C7D-881F-EEEE6CCA7A74}"
EndProject
Project("{8BC9CEB8-8B4A-11D0-8D11-00A0C91BC942}") = "Reference", "Reference\Reference.vcxproj", "{662181BE-0C9C-48F4-9119-D7E1CB5C1637}"
EndProject
Project("{8BC9CEB8-8B4A-11D0-8D11-00A0C91BC942}") = "section02_lecture24_const", "section2_lecture24_const\section2_lecture24_const.vcxproj", "{5BA67FE5-671D-4A86-8B49-7689E7CD144E}"
EndProject
Project("{8BC9CEB8-8B4A-11D0-8D11-00A0C91BC942}") = "section07_60_vectors", "section7_60_vectors\section7_60_vectors.vcxproj", "{CE8C5D63-216D-4043-AB92-E707B86C5769}"
EndProject
Project("{8BC9CEB8-8B4A-11D0-8D11-00A0C91BC942}") = "section08__66_operators", "section8__66_operators\section8__66_operators.vcxproj", "{FAF8D9ED-736C-471E-9BCF-42CC30B0A2D3}"
EndProject
Project("{8BC9CEB8-8B4A-11D0-8D11-00A0C91BC942}") = "section09_89_sum_proudct_pairs", "section9_89_sum_proudct_pairs\section9_89_sum_proudct_pairs.vcxproj", "{25CDEF34-D69C-4B4F-AF0D-1B57DD4533E2}"
EndProject
Project("{8BC9CEB8-8B4A-11D0-8D11-00A0C91BC942}") = "section09_90_challenge_menu_collection", "section9_90_challenge_menu_collection\section9_90_challenge_menu_collection.vcxproj", "{36ED74DB-4E4B-4A79-8F91-7921067A4A22}"
EndProject
Project("{8BC9CEB8-8B4A-11D0-8D11-00A0C91BC942}") = "section10_96_strings", "section10_96_strings\section10_96_strings.vcxproj", "{D266FD83-2F94-4067-BEE0-0830818C75FD}"
EndProject
Project("{8BC9CEB8-8B4A-11D0-8D11-00A0C91BC942}") = "section10_99_encrypt_decrypt_string", "section10_99_encrypt_decrypt_string\section10_99_encrypt_decrypt_string.vcxproj", "{5D61A1B4-6116-4BF1-9DA0-335296BF7D2E}"
EndProject
Project("{8BC9CEB8-8B4A-11D0-8D11-00A0C91BC942}") = "section10_100_letter_pyramid", "section10_100_letter_pyramid\section10_100_letter_pyramid.vcxproj", "{D4F7AA1D-C653-4CE6-811C-9C26CE83852A}"
EndProject
Project("{8BC9CEB8-8B4A-11D0-8D11-00A0C91BC942}") = "section11_105", "section11_105\section11_105.vcxproj", "{36F451A6-63AA-4AB5-B212-D15F5A1AA222}"
EndProject
Project("{8BC9CEB8-8B4A-11D0-8D11-00A0C91BC942}") = "section12_pointers", "section12_pointers\section12_pointers.vcxproj", "{8D61F2D1-7C85-45AB-8CCB-9A4F110291D8}"
EndProject
Project("{8BC9CEB8-8B4A-11D0-8D11-00A0C91BC942}") = "section13_classes", "section13_classes\section13_classes.vcxproj", "{EF8A5500-65EF-4D0C-89E5-510249AF1B3A}"
EndProject
Global
	GlobalSection(SolutionConfigurationPlatforms) = preSolution
		Debug|Any CPU = Debug|Any CPU
		Debug|x64 = Debug|x64
		Debug|x86 = Debug|x86
		Release|Any CPU = Release|Any CPU
		Release|x64 = Release|x64
		Release|x86 = Release|x86
	EndGlobalSection
	GlobalSection(ProjectConfigurationPlatforms) = postSolution
		{9E594439-1C20-4C7D-881F-EEEE6CCA7A74}.Debug|Any CPU.ActiveCfg = Debug|Win32
		{9E594439-1C20-4C7D-881F-EEEE6CCA7A74}.Debug|x64.ActiveCfg = Debug|x64
		{9E594439-1C20-4C7D-881F-EEEE6CCA7A74}.Debug|x64.Build.0 = Debug|x64
		{9E594439-1C20-4C7D-881F-EEEE6CCA7A74}.Debug|x86.ActiveCfg = Debug|Win32
		{9E594439-1C20-4C7D-881F-EEEE6CCA7A74}.Debug|x86.Build.0 = Debug|Win32
		{9E594439-1C20-4C7D-881F-EEEE6CCA7A74}.Release|Any CPU.ActiveCfg = Release|Win32
		{9E594439-1C20-4C7D-881F-EEEE6CCA7A74}.Release|x64.ActiveCfg = Release|x64
		{9E594439-1C20-4C7D-881F-EEEE6CCA7A74}.Release|x64.Build.0 = Release|x64
		{9E594439-1C20-4C7D-881F-EEEE6CCA7A74}.Release|x86.ActiveCfg = Release|Win32
		{9E594439-1C20-4C7D-881F-EEEE6CCA7A74}.Release|x86.Build.0 = Release|Win32
		{662181BE-0C9C-48F4-9119-D7E1CB5C1637}.Debug|Any CPU.ActiveCfg = Debug|Win32
		{662181BE-0C9C-48F4-9119-D7E1CB5C1637}.Debug|x64.ActiveCfg = Debug|x64
		{662181BE-0C9C-48F4-9119-D7E1CB5C1637}.Debug|x64.Build.0 = Debug|x64
		{662181BE-0C9C-48F4-9119-D7E1CB5C1637}.Debug|x86.ActiveCfg = Debug|Win32
		{662181BE-0C9C-48F4-9119-D7E1CB5C1637}.Debug|x86.Build.0 = Debug|Win32
		{662181BE-0C9C-48F4-9119-D7E1CB5C1637}.Release|Any CPU.ActiveCfg = Release|Win32
		{662181BE-0C9C-48F4-9119-D7E1CB5C1637}.Release|x64.ActiveCfg = Release|x64
		{662181BE-0C9C-48F4-9119-D7E1CB5C1637}.Release|x64.Build.0 = Release|x64
		{662181BE-0C9C-48F4-9119-D7E1CB5C1637}.Release|x86.ActiveCfg = Release|Win32
		{662181BE-0C9C-48F4-9119-D7E1CB5C1637}.Release|x86.Build.0 = Release|Win32
		{5BA67FE5-671D-4A86-8B49-7689E7CD144E}.Debug|Any CPU.ActiveCfg = Debug|Win32
		{5BA67FE5-671D-4A86-8B49-7689E7CD144E}.Debug|x64.ActiveCfg = Debug|x64
		{5BA67FE5-671D-4A86-8B49-7689E7CD144E}.Debug|x64.Build.0 = Debug|x64
		{5BA67FE5-671D-4A86-8B49-7689E7CD144E}.Debug|x86.ActiveCfg = Debug|Win32
		{5BA67FE5-671D-4A86-8B49-7689E7CD144E}.Debug|x86.Build.0 = Debug|Win32
		{5BA67FE5-671D-4A86-8B49-7689E7CD144E}.Release|Any CPU.ActiveCfg = Release|Win32
		{5BA67FE5-671D-4A86-8B49-7689E7CD144E}.Release|x64.ActiveCfg = Release|x64
		{5BA67FE5-671D-4A86-8B49-7689E7CD144E}.Release|x64.Build.0 = Release|x64
		{5BA67FE5-671D-4A86-8B49-7689E7CD144E}.Release|x86.ActiveCfg = Release|Win32
		{5BA67FE5-671D-4A86-8B49-7689E7CD144E}.Release|x86.Build.0 = Release|Win32
		{CE8C5D63-216D-4043-AB92-E707B86C5769}.Debug|Any CPU.ActiveCfg = Debug|Win32
		{CE8C5D63-216D-4043-AB92-E707B86C5769}.Debug|x64.ActiveCfg = Debug|x64
		{CE8C5D63-216D-4043-AB92-E707B86C5769}.Debug|x64.Build.0 = Debug|x64
		{CE8C5D63-216D-4043-AB92-E707B86C5769}.Debug|x86.ActiveCfg = Debug|Win32
		{CE8C5D63-216D-4043-AB92-E707B86C5769}.Debug|x86.Build.0 = Debug|Win32
		{CE8C5D63-216D-4043-AB92-E707B86C5769}.Release|Any CPU.ActiveCfg = Release|Win32
		{CE8C5D63-216D-4043-AB92-E707B86C5769}.Release|x64.ActiveCfg = Release|x64
		{CE8C5D63-216D-4043-AB92-E707B86C5769}.Release|x64.Build.0 = Release|x64
		{CE8C5D63-216D-4043-AB92-E707B86C5769}.Release|x86.ActiveCfg = Release|Win32
		{CE8C5D63-216D-4043-AB92-E707B86C5769}.Release|x86.Build.0 = Release|Win32
		{FAF8D9ED-736C-471E-9BCF-42CC30B0A2D3}.Debug|Any CPU.ActiveCfg = Debug|Win32
		{FAF8D9ED-736C-471E-9BCF-42CC30B0A2D3}.Debug|x64.ActiveCfg = Debug|x64
		{FAF8D9ED-736C-471E-9BCF-42CC30B0A2D3}.Debug|x64.Build.0 = Debug|x64
		{FAF8D9ED-736C-471E-9BCF-42CC30B0A2D3}.Debug|x86.ActiveCfg = Debug|Win32
		{FAF8D9ED-736C-471E-9BCF-42CC30B0A2D3}.Debug|x86.Build.0 = Debug|Win32
		{FAF8D9ED-736C-471E-9BCF-42CC30B0A2D3}.Release|Any CPU.ActiveCfg = Release|Win32
		{FAF8D9ED-736C-471E-9BCF-42CC30B0A2D3}.Release|x64.ActiveCfg = Release|x64
		{FAF8D9ED-736C-471E-9BCF-42CC30B0A2D3}.Release|x64.Build.0 = Release|x64
		{FAF8D9ED-736C-471E-9BCF-42CC30B0A2D3}.Release|x86.ActiveCfg = Release|Win32
		{FAF8D9ED-736C-471E-9BCF-42CC30B0A2D3}.Release|x86.Build.0 = Release|Win32
		{25CDEF34-D69C-4B4F-AF0D-1B57DD4533E2}.Debug|Any CPU.ActiveCfg = Debug|Win32
		{25CDEF34-D69C-4B4F-AF0D-1B57DD4533E2}.Debug|x64.ActiveCfg = Debug|x64
		{25CDEF34-D69C-4B4F-AF0D-1B57DD4533E2}.Debug|x64.Build.0 = Debug|x64
		{25CDEF34-D69C-4B4F-AF0D-1B57DD4533E2}.Debug|x86.ActiveCfg = Debug|Win32
		{25CDEF34-D69C-4B4F-AF0D-1B57DD4533E2}.Debug|x86.Build.0 = Debug|Win32
		{25CDEF34-D69C-4B4F-AF0D-1B57DD4533E2}.Release|Any CPU.ActiveCfg = Release|Win32
		{25CDEF34-D69C-4B4F-AF0D-1B57DD4533E2}.Release|x64.ActiveCfg = Release|x64
		{25CDEF34-D69C-4B4F-AF0D-1B57DD4533E2}.Release|x64.Build.0 = Release|x64
		{25CDEF34-D69C-4B4F-AF0D-1B57DD4533E2}.Release|x86.ActiveCfg = Release|Win32
		{25CDEF34-D69C-4B4F-AF0D-1B57DD4533E2}.Release|x86.Build.0 = Release|Win32
		{36ED74DB-4E4B-4A79-8F91-7921067A4A22}.Debug|Any CPU.ActiveCfg = Debug|Win32
		{36ED74DB-4E4B-4A79-8F91-7921067A4A22}.Debug|x64.ActiveCfg = Debug|x64
		{36ED74DB-4E4B-4A79-8F91-7921067A4A22}.Debug|x64.Build.0 = Debug|x64
		{36ED74DB-4E4B-4A79-8F91-7921067A4A22}.Debug|x86.ActiveCfg = Debug|Win32
		{36ED74DB-4E4B-4A79-8F91-7921067A4A22}.Debug|x86.Build.0 = Debug|Win32
		{36ED74DB-4E4B-4A79-8F91-7921067A4A22}.Release|Any CPU.ActiveCfg = Release|Win32
		{36ED74DB-4E4B-4A79-8F91-7921067A4A22}.Release|x64.ActiveCfg = Release|x64
		{36ED74DB-4E4B-4A79-8F91-7921067A4A22}.Release|x64.Build.0 = Release|x64
		{36ED74DB-4E4B-4A79-8F91-7921067A4A22}.Release|x86.ActiveCfg = Release|Win32
		{36ED74DB-4E4B-4A79-8F91-7921067A4A22}.Release|x86.Build.0 = Release|Win32
		{D266FD83-2F94-4067-BEE0-0830818C75FD}.Debug|Any CPU.ActiveCfg = Debug|Win32
		{D266FD83-2F94-4067-BEE0-0830818C75FD}.Debug|x64.ActiveCfg = Debug|x64
		{D266FD83-2F94-4067-BEE0-0830818C75FD}.Debug|x64.Build.0 = Debug|x64
		{D266FD83-2F94-4067-BEE0-0830818C75FD}.Debug|x86.ActiveCfg = Debug|Win32
		{D266FD83-2F94-4067-BEE0-0830818C75FD}.Debug|x86.Build.0 = Debug|Win32
		{D266FD83-2F94-4067-BEE0-0830818C75FD}.Release|Any CPU.ActiveCfg = Release|Win32
		{D266FD83-2F94-4067-BEE0-0830818C75FD}.Release|x64.ActiveCfg = Release|x64
		{D266FD83-2F94-4067-BEE0-0830818C75FD}.Release|x64.Build.0 = Release|x64
		{D266FD83-2F94-4067-BEE0-0830818C75FD}.Release|x86.ActiveCfg = Release|Win32
		{D266FD83-2F94-4067-BEE0-0830818C75FD}.Release|x86.Build.0 = Release|Win32
		{5D61A1B4-6116-4BF1-9DA0-335296BF7D2E}.Debug|Any CPU.ActiveCfg = Debug|Win32
		{5D61A1B4-6116-4BF1-9DA0-335296BF7D2E}.Debug|x64.ActiveCfg = Debug|x64
		{5D61A1B4-6116-4BF1-9DA0-335296BF7D2E}.Debug|x64.Build.0 = Debug|x64
		{5D61A1B4-6116-4BF1-9DA0-335296BF7D2E}.Debug|x86.ActiveCfg = Debug|Win32
		{5D61A1B4-6116-4BF1-9DA0-335296BF7D2E}.Debug|x86.Build.0 = Debug|Win32
		{5D61A1B4-6116-4BF1-9DA0-335296BF7D2E}.Release|Any CPU.ActiveCfg = Release|Win32
		{5D61A1B4-6116-4BF1-9DA0-335296BF7D2E}.Release|x64.ActiveCfg = Release|x64
		{5D61A1B4-6116-4BF1-9DA0-335296BF7D2E}.Release|x64.Build.0 = Release|x64
		{5D61A1B4-6116-4BF1-9DA0-335296BF7D2E}.Release|x86.ActiveCfg = Release|Win32
		{5D61A1B4-6116-4BF1-9DA0-335296BF7D2E}.Release|x86.Build.0 = Release|Win32
		{D4F7AA1D-C653-4CE6-811C-9C26CE83852A}.Debug|Any CPU.ActiveCfg = Debug|Win32
		{D4F7AA1D-C653-4CE6-811C-9C26CE83852A}.Debug|x64.ActiveCfg = Debug|x64
		{D4F7AA1D-C653-4CE6-811C-9C26CE83852A}.Debug|x64.Build.0 = Debug|x64
		{D4F7AA1D-C653-4CE6-811C-9C26CE83852A}.Debug|x86.ActiveCfg = Debug|Win32
		{D4F7AA1D-C653-4CE6-811C-9C26CE83852A}.Debug|x86.Build.0 = Debug|Win32
		{D4F7AA1D-C653-4CE6-811C-9C26CE83852A}.Release|Any CPU.ActiveCfg = Release|Win32
		{D4F7AA1D-C653-4CE6-811C-9C26CE83852A}.Release|x64.ActiveCfg = Release|x64
		{D4F7AA1D-C653-4CE6-811C-9C26CE83852A}.Release|x64.Build.0 = Release|x64
		{D4F7AA1D-C653-4CE6-811C-9C26CE83852A}.Release|x86.ActiveCfg = Release|Win32
		{D4F7AA1D-C653-4CE6-811C-9C26CE83852A}.Release|x86.Build.0 = Release|Win32
		{36F451A6-63AA-4AB5-B212-D15F5A1AA222}.Debug|Any CPU.ActiveCfg = Debug|Win32
		{36F451A6-63AA-4AB5-B212-D15F5A1AA222}.Debug|x64.ActiveCfg = Debug|x64
		{36F451A6-63AA-4AB5-B212-D15F5A1AA222}.Debug|x64.Build.0 = Debug|x64
		{36F451A6-63AA-4AB5-B212-D15F5A1AA222}.Debug|x86.ActiveCfg = Debug|Win32
		{36F451A6-63AA-4AB5-B212-D15F5A1AA222}.Debug|x86.Build.0 = Debug|Win32
		{36F451A6-63AA-4AB5-B212-D15F5A1AA222}.Release|Any CPU.ActiveCfg = Release|Win32
		{36F451A6-63AA-4AB5-B212-D15F5A1AA222}.Release|x64.ActiveCfg = Release|x64
		{36F451A6-63AA-4AB5-B212-D15F5A1AA222}.Release|x64.Build.0 = Release|x64
		{36F451A6-63AA-4AB5-B212-D15F5A1AA222}.Release|x86.ActiveCfg = Release|Win32
		{36F451A6-63AA-4AB5-B212-D15F5A1AA222}.Release|x86.Build.0 = Release|Win32
		{8D61F2D1-7C85-45AB-8CCB-9A4F110291D8}.Debug|Any CPU.ActiveCfg = Debug|Win32
		{8D61F2D1-7C85-45AB-8CCB-9A4F110291D8}.Debug|x64.ActiveCfg = Debug|x64
		{8D61F2D1-7C85-45AB-8CCB-9A4F110291D8}.Debug|x64.Build.0 = Debug|x64
		{8D61F2D1-7C85-45AB-8CCB-9A4F110291D8}.Debug|x86.ActiveCfg = Debug|Win32
		{8D61F2D1-7C85-45AB-8CCB-9A4F110291D8}.Debug|x86.Build.0 = Debug|Win32
		{8D61F2D1-7C85-45AB-8CCB-9A4F110291D8}.Release|Any CPU.ActiveCfg = Release|Win32
		{8D61F2D1-7C85-45AB-8CCB-9A4F110291D8}.Release|x64.ActiveCfg = Release|x64
		{8D61F2D1-7C85-45AB-8CCB-9A4F110291D8}.Release|x64.Build.0 = Release|x64
		{8D61F2D1-7C85-45AB-8CCB-9A4F110291D8}.Release|x86.ActiveCfg = Release|Win32
		{8D61F2D1-7C85-45AB-8CCB-9A4F110291D8}.Release|x86.Build.0 = Release|Win32
		{EF8A5500-65EF-4D0C-89E5-510249AF1B3A}.Debug|Any CPU.ActiveCfg = Debug|Win32
		{EF8A5500-65EF-4D0C-89E5-510249AF1B3A}.Debug|x64.ActiveCfg = Debug|x64
		{EF8A5500-65EF-4D0C-89E5-510249AF1B3A}.Debug|x64.Build.0 = Debug|x64
		{EF8A5500-65EF-4D0C-89E5-510249AF1B3A}.Debug|x86.ActiveCfg = Debug|Win32
		{EF8A5500-65EF-4D0C-89E5-510249AF1B3A}.Debug|x86.Build.0 = Debug|Win32
		{EF8A5500-65EF-4D0C-89E5-510249AF1B3A}.Release|Any CPU.ActiveCfg = Release|Win32
		{EF8A5500-65EF-4D0C-89E5-510249AF1B3A}.Release|x64.ActiveCfg = Release|x64
		{EF8A5500-65EF-4D0C-89E5-510249AF1B3A}.Release|x64.Build.0 = Release|x64
		{EF8A5500-65EF-4D0C-89E5-510249AF1B3A}.Release|x86.ActiveCfg = Release|Win32
		{EF8A5500-65EF-4D0C-89E5-510249AF1B3A}.Release|x86.Build.0 = Release|Win32
	EndGlobalSection
	GlobalSection(SolutionProperties) = preSolution
		HideSolutionNode = FALSE
	EndGlobalSection
	GlobalSection(ExtensibilityGlobals) = postSolution
		SolutionGuid = {AFA4DDC5-943E-4FBB-BE8B-E059F6B7B974}
	EndGlobalSection
EndGlobal
